
Microsoft Visual Studio Solution File, Format Version 12.00
# Visual Studio Version 16
VisualStudioVersion = 16.0.30225.117
MinimumVisualStudioVersion = 10.0.40219.1
Project("{9092AA53-FB77-4645-B42D-1CCCA6BD08BD}") = "bmes-node-api", "bmes-node-api.njsproj", "{E705A0D7-51C1-4349-990E-DBF793FD7B31}"
EndProject
Global
	GlobalSection(SolutionConfigurationPlatforms) = preSolution
		Debug|Any CPU = Debug|Any CPU
		Release|Any CPU = Release|Any CPU
	EndGlobalSection
	GlobalSection(ProjectConfigurationPlatforms) = postSolution
		{E705A0D7-51C1-4349-990E-DBF793FD7B31}.Debug|Any CPU.ActiveCfg = Debug|Any CPU
		{E705A0D7-51C1-4349-990E-DBF793FD7B31}.Debug|Any CPU.Build.0 = Debug|Any CPU
		{E705A0D7-51C1-4349-990E-DBF793FD7B31}.Release|Any CPU.ActiveCfg = Release|Any CPU
		{E705A0D7-51C1-4349-990E-DBF793FD7B31}.Release|Any CPU.Build.0 = Release|Any CPU
	EndGlobalSection
	GlobalSection(SolutionProperties) = preSolution
		HideSolutionNode = FALSE
	EndGlobalSection
	GlobalSection(ExtensibilityGlobals) = postSolution
		SolutionGuid = {6A731AEA-B0A4-42D0-8E0D-4936982E33BA}
	EndGlobalSection
EndGlobal
